
Microsoft Visual Studio Solution File, Format Version 12.00
# Visual Studio Version 16
VisualStudioVersion = 16.0.29209.62
MinimumVisualStudioVersion = 10.0.40219.1
Project("{FAE04EC0-301F-11D3-BF4B-00C04F79EFBC}") = "TruckShowParticipants", "TruckShowParticipants\TruckShowParticipants.csproj", "{17A7EEA4-8400-49CF-9427-FC7515EFD22E}"
EndProject
Global
	GlobalSection(SolutionConfigurationPlatforms) = preSolution
		Debug|Any CPU = Debug|Any CPU
		Release|Any CPU = Release|Any CPU
	EndGlobalSection
	GlobalSection(ProjectConfigurationPlatforms) = postSolution
		{17A7EEA4-8400-49CF-9427-FC7515EFD22E}.Debug|Any CPU.ActiveCfg = Debug|Any CPU
		{17A7EEA4-8400-49CF-9427-FC7515EFD22E}.Debug|Any CPU.Build.0 = Debug|Any CPU
		{17A7EEA4-8400-49CF-9427-FC7515EFD22E}.Release|Any CPU.ActiveCfg = Release|Any CPU
		{17A7EEA4-8400-49CF-9427-FC7515EFD22E}.Release|Any CPU.Build.0 = Release|Any CPU
	EndGlobalSection
	GlobalSection(SolutionProperties) = preSolution
		HideSolutionNode = FALSE
	EndGlobalSection
	GlobalSection(ExtensibilityGlobals) = postSolution
		SolutionGuid = {425EBA33-AD9E-41D5-B391-3D3FC688CED7}
	EndGlobalSection
EndGlobal
